
Microsoft Visual Studio Solution File, Format Version 12.00
# Visual Studio Version 16
VisualStudioVersion = 16.0.31911.196
MinimumVisualStudioVersion = 10.0.40219.1
Project("{9A19103F-16F7-4668-BE54-9A1E7A4F7556}") = "SpaceStation", "SpaceStation.csproj", "{89531215-2F5D-47EB-98DF-FFED718D6074}"
EndProject
Project("{9A19103F-16F7-4668-BE54-9A1E7A4F7556}") = "HeroRepository.Tests", "..\HeroRepository.Tests\HeroRepository.Tests.csproj", "{58186B0F-6D86-4A4E-9D90-E42DBB08CDD8}"
EndProject
Global
	GlobalSection(SolutionConfigurationPlatforms) = preSolution
		Debug|Any CPU = Debug|Any CPU
		Release|Any CPU = Release|Any CPU
	EndGlobalSection
	GlobalSection(ProjectConfigurationPlatforms) = postSolution
		{89531215-2F5D-47EB-98DF-FFED718D6074}.Debug|Any CPU.ActiveCfg = Debug|Any CPU
		{89531215-2F5D-47EB-98DF-FFED718D6074}.Debug|Any CPU.Build.0 = Debug|Any CPU
		{89531215-2F5D-47EB-98DF-FFED718D6074}.Release|Any CPU.ActiveCfg = Release|Any CPU
		{89531215-2F5D-47EB-98DF-FFED718D6074}.Release|Any CPU.Build.0 = Release|Any CPU
		{58186B0F-6D86-4A4E-9D90-E42DBB08CDD8}.Debug|Any CPU.ActiveCfg = Debug|Any CPU
		{58186B0F-6D86-4A4E-9D90-E42DBB08CDD8}.Debug|Any CPU.Build.0 = Debug|Any CPU
		{58186B0F-6D86-4A4E-9D90-E42DBB08CDD8}.Release|Any CPU.ActiveCfg = Release|Any CPU
		{58186B0F-6D86-4A4E-9D90-E42DBB08CDD8}.Release|Any CPU.Build.0 = Release|Any CPU
	EndGlobalSection
	GlobalSection(SolutionProperties) = preSolution
		HideSolutionNode = FALSE
	EndGlobalSection
	GlobalSection(ExtensibilityGlobals) = postSolution
		SolutionGuid = {668D7945-13D2-413E-8800-5FA41360AB48}
	EndGlobalSection
EndGlobal
