
Microsoft Visual Studio Solution File, Format Version 12.00
# Visual Studio Version 16
VisualStudioVersion = 16.0.31005.135
MinimumVisualStudioVersion = 10.0.40219.1
Project("{9A19103F-16F7-4668-BE54-9A1E7A4F7556}") = "P01_Hello_SoftUni", "P01_Hello_SoftUni\P01_Hello_SoftUni.csproj", "{7EE11B39-5A8C-4DBF-B9C4-726940926CF7}"
EndProject
Project("{9A19103F-16F7-4668-BE54-9A1E7A4F7556}") = "P02_Nums_1-10", "P02_Nums_1-10\P02_Nums_1-10.csproj", "{C49DF363-2A71-4427-BA10-51437301E1CD}"
EndProject
Project("{9A19103F-16F7-4668-BE54-9A1E7A4F7556}") = "P03_Square_Area", "P03_Square_Area\P03_Square_Area.csproj", "{AD4ABC53-A17F-48B8-80F0-BAC3C05ACBCD}"
EndProject
Project("{9A19103F-16F7-4668-BE54-9A1E7A4F7556}") = "P04_Inches_to_Centimeters", "P04_Inches_to_Centimeters\P04_Inches_to_Centimeters.csproj", "{66C9E0DC-EF39-4478-8D2B-DC91A0815755}"
EndProject
Project("{9A19103F-16F7-4668-BE54-9A1E7A4F7556}") = "P05_Greeting_by_Name", "P05_Greeting_by_Name\P05_Greeting_by_Name.csproj", "{C29ACE37-D42D-4E80-B5EF-2DC0551A6C9F}"
EndProject
Project("{9A19103F-16F7-4668-BE54-9A1E7A4F7556}") = "P06_Concatenate_Data", "P06_Concatenate_Data\P06_Concatenate_Data.csproj", "{B2654AA1-378A-494F-9902-DA3032F7B541}"
EndProject
Project("{9A19103F-16F7-4668-BE54-9A1E7A4F7556}") = "P07_Projects_Creation", "P07_Projects_Creation\P07_Projects_Creation.csproj", "{5FB6BECB-0440-459E-8C81-C838A1D64287}"
EndProject
Project("{9A19103F-16F7-4668-BE54-9A1E7A4F7556}") = "P08_Pet_Shop", "P08_Pet_Shop\P08_Pet_Shop.csproj", "{D6DB9850-A353-4C20-BF48-7DFAE9FC807C}"
EndProject
Project("{9A19103F-16F7-4668-BE54-9A1E7A4F7556}") = "P09_Yard_Greening", "P09_Yard_Greening\P09_Yard_Greening.csproj", "{E8569F3F-8DA1-45ED-8DEE-BD7F1178C887}"
EndProject
Global
	GlobalSection(SolutionConfigurationPlatforms) = preSolution
		Debug|Any CPU = Debug|Any CPU
		Release|Any CPU = Release|Any CPU
	EndGlobalSection
	GlobalSection(ProjectConfigurationPlatforms) = postSolution
		{7EE11B39-5A8C-4DBF-B9C4-726940926CF7}.Debug|Any CPU.ActiveCfg = Debug|Any CPU
		{7EE11B39-5A8C-4DBF-B9C4-726940926CF7}.Debug|Any CPU.Build.0 = Debug|Any CPU
		{7EE11B39-5A8C-4DBF-B9C4-726940926CF7}.Release|Any CPU.ActiveCfg = Release|Any CPU
		{7EE11B39-5A8C-4DBF-B9C4-726940926CF7}.Release|Any CPU.Build.0 = Release|Any CPU
		{C49DF363-2A71-4427-BA10-51437301E1CD}.Debug|Any CPU.ActiveCfg = Debug|Any CPU
		{C49DF363-2A71-4427-BA10-51437301E1CD}.Debug|Any CPU.Build.0 = Debug|Any CPU
		{C49DF363-2A71-4427-BA10-51437301E1CD}.Release|Any CPU.ActiveCfg = Release|Any CPU
		{C49DF363-2A71-4427-BA10-51437301E1CD}.Release|Any CPU.Build.0 = Release|Any CPU
		{AD4ABC53-A17F-48B8-80F0-BAC3C05ACBCD}.Debug|Any CPU.ActiveCfg = Debug|Any CPU
		{AD4ABC53-A17F-48B8-80F0-BAC3C05ACBCD}.Debug|Any CPU.Build.0 = Debug|Any CPU
		{AD4ABC53-A17F-48B8-80F0-BAC3C05ACBCD}.Release|Any CPU.ActiveCfg = Release|Any CPU
		{AD4ABC53-A17F-48B8-80F0-BAC3C05ACBCD}.Release|Any CPU.Build.0 = Release|Any CPU
		{66C9E0DC-EF39-4478-8D2B-DC91A0815755}.Debug|Any CPU.ActiveCfg = Debug|Any CPU
		{66C9E0DC-EF39-4478-8D2B-DC91A0815755}.Debug|Any CPU.Build.0 = Debug|Any CPU
		{66C9E0DC-EF39-4478-8D2B-DC91A0815755}.Release|Any CPU.ActiveCfg = Release|Any CPU
		{66C9E0DC-EF39-4478-8D2B-DC91A0815755}.Release|Any CPU.Build.0 = Release|Any CPU
		{C29ACE37-D42D-4E80-B5EF-2DC0551A6C9F}.Debug|Any CPU.ActiveCfg = Debug|Any CPU
		{C29ACE37-D42D-4E80-B5EF-2DC0551A6C9F}.Debug|Any CPU.Build.0 = Debug|Any CPU
		{C29ACE37-D42D-4E80-B5EF-2DC0551A6C9F}.Release|Any CPU.ActiveCfg = Release|Any CPU
		{C29ACE37-D42D-4E80-B5EF-2DC0551A6C9F}.Release|Any CPU.Build.0 = Release|Any CPU
		{B2654AA1-378A-494F-9902-DA3032F7B541}.Debug|Any CPU.ActiveCfg = Debug|Any CPU
		{B2654AA1-378A-494F-9902-DA3032F7B541}.Debug|Any CPU.Build.0 = Debug|Any CPU
		{B2654AA1-378A-494F-9902-DA3032F7B541}.Release|Any CPU.ActiveCfg = Release|Any CPU
		{B2654AA1-378A-494F-9902-DA3032F7B541}.Release|Any CPU.Build.0 = Release|Any CPU
		{5FB6BECB-0440-459E-8C81-C838A1D64287}.Debug|Any CPU.ActiveCfg = Debug|Any CPU
		{5FB6BECB-0440-459E-8C81-C838A1D64287}.Debug|Any CPU.Build.0 = Debug|Any CPU
		{5FB6BECB-0440-459E-8C81-C838A1D64287}.Release|Any CPU.ActiveCfg = Release|Any CPU
		{5FB6BECB-0440-459E-8C81-C838A1D64287}.Release|Any CPU.Build.0 = Release|Any CPU
		{D6DB9850-A353-4C20-BF48-7DFAE9FC807C}.Debug|Any CPU.ActiveCfg = Debug|Any CPU
		{D6DB9850-A353-4C20-BF48-7DFAE9FC807C}.Debug|Any CPU.Build.0 = Debug|Any CPU
		{D6DB9850-A353-4C20-BF48-7DFAE9FC807C}.Release|Any CPU.ActiveCfg = Release|Any CPU
		{D6DB9850-A353-4C20-BF48-7DFAE9FC807C}.Release|Any CPU.Build.0 = Release|Any CPU
		{E8569F3F-8DA1-45ED-8DEE-BD7F1178C887}.Debug|Any CPU.ActiveCfg = Debug|Any CPU
		{E8569F3F-8DA1-45ED-8DEE-BD7F1178C887}.Debug|Any CPU.Build.0 = Debug|Any CPU
		{E8569F3F-8DA1-45ED-8DEE-BD7F1178C887}.Release|Any CPU.ActiveCfg = Release|Any CPU
		{E8569F3F-8DA1-45ED-8DEE-BD7F1178C887}.Release|Any CPU.Build.0 = Release|Any CPU
	EndGlobalSection
	GlobalSection(SolutionProperties) = preSolution
		HideSolutionNode = FALSE
	EndGlobalSection
	GlobalSection(ExtensibilityGlobals) = postSolution
		SolutionGuid = {C273B86D-B578-4AE2-9810-593601B16D64}
	EndGlobalSection
EndGlobal
