
Microsoft Visual Studio Solution File, Format Version 12.00
# Visual Studio Version 17
VisualStudioVersion = 17.11.35312.102
MinimumVisualStudioVersion = 10.0.40219.1
Project("{9A19103F-16F7-4668-BE54-9A1E7A4F7556}") = "CinemaApp.Web", "CinemaApp.Web\CinemaApp.Web.csproj", "{09D2B579-8015-43DE-A33B-23BBEF0639C2}"
EndProject
Project("{9A19103F-16F7-4668-BE54-9A1E7A4F7556}") = "CinemaApp.Web.ViewModels", "CinemaApp.Web.ViewModels\CinemaApp.Web.ViewModels.csproj", "{CF52B371-1D64-42FE-94FC-118FC817980F}"
EndProject
Project("{9A19103F-16F7-4668-BE54-9A1E7A4F7556}") = "CinemaApp.Common", "CinemaApp.Common\CinemaApp.Common.csproj", "{E56E1995-78F9-4715-BAF0-40B9DDE22445}"
EndProject
Project("{9A19103F-16F7-4668-BE54-9A1E7A4F7556}") = "CinemaApp.Data.Models", "CinemaApp.Data.Models\CinemaApp.Data.Models.csproj", "{4FD57659-A30F-443D-857D-22E905B3254F}"
EndProject
Project("{2150E333-8FDC-42A3-9474-1A3956D46DE8}") = "Web", "Web", "{362EF281-C9AF-4B04-B442-AF66C4B41AA8}"
EndProject
Project("{2150E333-8FDC-42A3-9474-1A3956D46DE8}") = "Data", "Data", "{E5E7341D-CBA3-4C8E-BB37-671E3646EE7C}"
EndProject
Project("{9A19103F-16F7-4668-BE54-9A1E7A4F7556}") = "CinemaApp.Data", "CinemaApp.Data\CinemaApp.Data.csproj", "{625DC49D-1AE5-48B8-A989-BF6A6CEEBEDA}"
EndProject
Project("{FAE04EC0-301F-11D3-BF4B-00C04F79EFBC}") = "CinemaApp.Web.Infrastructure", "CinemaApp.Web.Infrastructure\CinemaApp.Web.Infrastructure.csproj", "{0A6C35D0-920E-4362-96E4-A0A61999525E}"
EndProject
Global
	GlobalSection(SolutionConfigurationPlatforms) = preSolution
		Debug|Any CPU = Debug|Any CPU
		Release|Any CPU = Release|Any CPU
	EndGlobalSection
	GlobalSection(ProjectConfigurationPlatforms) = postSolution
		{09D2B579-8015-43DE-A33B-23BBEF0639C2}.Debug|Any CPU.ActiveCfg = Debug|Any CPU
		{09D2B579-8015-43DE-A33B-23BBEF0639C2}.Debug|Any CPU.Build.0 = Debug|Any CPU
		{09D2B579-8015-43DE-A33B-23BBEF0639C2}.Release|Any CPU.ActiveCfg = Release|Any CPU
		{09D2B579-8015-43DE-A33B-23BBEF0639C2}.Release|Any CPU.Build.0 = Release|Any CPU
		{CF52B371-1D64-42FE-94FC-118FC817980F}.Debug|Any CPU.ActiveCfg = Debug|Any CPU
		{CF52B371-1D64-42FE-94FC-118FC817980F}.Debug|Any CPU.Build.0 = Debug|Any CPU
		{CF52B371-1D64-42FE-94FC-118FC817980F}.Release|Any CPU.ActiveCfg = Release|Any CPU
		{CF52B371-1D64-42FE-94FC-118FC817980F}.Release|Any CPU.Build.0 = Release|Any CPU
		{E56E1995-78F9-4715-BAF0-40B9DDE22445}.Debug|Any CPU.ActiveCfg = Debug|Any CPU
		{E56E1995-78F9-4715-BAF0-40B9DDE22445}.Debug|Any CPU.Build.0 = Debug|Any CPU
		{E56E1995-78F9-4715-BAF0-40B9DDE22445}.Release|Any CPU.ActiveCfg = Release|Any CPU
		{E56E1995-78F9-4715-BAF0-40B9DDE22445}.Release|Any CPU.Build.0 = Release|Any CPU
		{4FD57659-A30F-443D-857D-22E905B3254F}.Debug|Any CPU.ActiveCfg = Debug|Any CPU
		{4FD57659-A30F-443D-857D-22E905B3254F}.Debug|Any CPU.Build.0 = Debug|Any CPU
		{4FD57659-A30F-443D-857D-22E905B3254F}.Release|Any CPU.ActiveCfg = Release|Any CPU
		{4FD57659-A30F-443D-857D-22E905B3254F}.Release|Any CPU.Build.0 = Release|Any CPU
		{625DC49D-1AE5-48B8-A989-BF6A6CEEBEDA}.Debug|Any CPU.ActiveCfg = Debug|Any CPU
		{625DC49D-1AE5-48B8-A989-BF6A6CEEBEDA}.Debug|Any CPU.Build.0 = Debug|Any CPU
		{625DC49D-1AE5-48B8-A989-BF6A6CEEBEDA}.Release|Any CPU.ActiveCfg = Release|Any CPU
		{625DC49D-1AE5-48B8-A989-BF6A6CEEBEDA}.Release|Any CPU.Build.0 = Release|Any CPU
		{0A6C35D0-920E-4362-96E4-A0A61999525E}.Debug|Any CPU.ActiveCfg = Debug|Any CPU
		{0A6C35D0-920E-4362-96E4-A0A61999525E}.Debug|Any CPU.Build.0 = Debug|Any CPU
		{0A6C35D0-920E-4362-96E4-A0A61999525E}.Release|Any CPU.ActiveCfg = Release|Any CPU
		{0A6C35D0-920E-4362-96E4-A0A61999525E}.Release|Any CPU.Build.0 = Release|Any CPU
	EndGlobalSection
	GlobalSection(SolutionProperties) = preSolution
		HideSolutionNode = FALSE
	EndGlobalSection
	GlobalSection(NestedProjects) = preSolution
		{09D2B579-8015-43DE-A33B-23BBEF0639C2} = {362EF281-C9AF-4B04-B442-AF66C4B41AA8}
		{CF52B371-1D64-42FE-94FC-118FC817980F} = {362EF281-C9AF-4B04-B442-AF66C4B41AA8}
		{4FD57659-A30F-443D-857D-22E905B3254F} = {E5E7341D-CBA3-4C8E-BB37-671E3646EE7C}
		{625DC49D-1AE5-48B8-A989-BF6A6CEEBEDA} = {E5E7341D-CBA3-4C8E-BB37-671E3646EE7C}
		{0A6C35D0-920E-4362-96E4-A0A61999525E} = {362EF281-C9AF-4B04-B442-AF66C4B41AA8}
	EndGlobalSection
	GlobalSection(ExtensibilityGlobals) = postSolution
		SolutionGuid = {75477C1A-B03F-41B0-A4CE-2BCC6EE7FB79}
	EndGlobalSection
EndGlobal
