
Microsoft Visual Studio Solution File, Format Version 12.00
# Visual Studio Version 16
VisualStudioVersion = 16.0.30711.63
MinimumVisualStudioVersion = 10.0.40219.1
Project("{9A19103F-16F7-4668-BE54-9A1E7A4F7556}") = "P01_Flower_Wreaths", "P01_Flower_Wreaths\P01_Flower_Wreaths.csproj", "{FF301F30-02FF-4299-8E22-420C478844D4}"
EndProject
Project("{9A19103F-16F7-4668-BE54-9A1E7A4F7556}") = "P02_Bee", "P02_Bee\P02_Bee.csproj", "{35CDCCD8-95BC-4E5E-9C94-31412599C409}"
EndProject
Project("{9A19103F-16F7-4668-BE54-9A1E7A4F7556}") = "P03_Vet_Clinic", "P03_Vet_Clinic\P03_Vet_Clinic.csproj", "{39265B40-641E-42AD-83D2-D3E4F77D7ECF}"
EndProject
Global
	GlobalSection(SolutionConfigurationPlatforms) = preSolution
		Debug|Any CPU = Debug|Any CPU
		Release|Any CPU = Release|Any CPU
	EndGlobalSection
	GlobalSection(ProjectConfigurationPlatforms) = postSolution
		{FF301F30-02FF-4299-8E22-420C478844D4}.Debug|Any CPU.ActiveCfg = Debug|Any CPU
		{FF301F30-02FF-4299-8E22-420C478844D4}.Debug|Any CPU.Build.0 = Debug|Any CPU
		{FF301F30-02FF-4299-8E22-420C478844D4}.Release|Any CPU.ActiveCfg = Release|Any CPU
		{FF301F30-02FF-4299-8E22-420C478844D4}.Release|Any CPU.Build.0 = Release|Any CPU
		{35CDCCD8-95BC-4E5E-9C94-31412599C409}.Debug|Any CPU.ActiveCfg = Debug|Any CPU
		{35CDCCD8-95BC-4E5E-9C94-31412599C409}.Debug|Any CPU.Build.0 = Debug|Any CPU
		{35CDCCD8-95BC-4E5E-9C94-31412599C409}.Release|Any CPU.ActiveCfg = Release|Any CPU
		{35CDCCD8-95BC-4E5E-9C94-31412599C409}.Release|Any CPU.Build.0 = Release|Any CPU
		{39265B40-641E-42AD-83D2-D3E4F77D7ECF}.Debug|Any CPU.ActiveCfg = Debug|Any CPU
		{39265B40-641E-42AD-83D2-D3E4F77D7ECF}.Debug|Any CPU.Build.0 = Debug|Any CPU
		{39265B40-641E-42AD-83D2-D3E4F77D7ECF}.Release|Any CPU.ActiveCfg = Release|Any CPU
		{39265B40-641E-42AD-83D2-D3E4F77D7ECF}.Release|Any CPU.Build.0 = Release|Any CPU
	EndGlobalSection
	GlobalSection(SolutionProperties) = preSolution
		HideSolutionNode = FALSE
	EndGlobalSection
	GlobalSection(ExtensibilityGlobals) = postSolution
		SolutionGuid = {2A8B6BF1-367A-443A-90D9-E03CF55DACDA}
	EndGlobalSection
EndGlobal
