
Microsoft Visual Studio Solution File, Format Version 12.00
# Visual Studio Version 16
VisualStudioVersion = 16.0.30711.63
MinimumVisualStudioVersion = 10.0.40219.1
Project("{9A19103F-16F7-4668-BE54-9A1E7A4F7556}") = "P02_High_Quality_Mistakes", "P02_High_Quality_Mistakes\P02_High_Quality_Mistakes.csproj", "{51DBDCAE-A3FD-4220-B6E9-225378215688}"
EndProject
Project("{9A19103F-16F7-4668-BE54-9A1E7A4F7556}") = "P01_Stealer", "P01_Stealer\P01_Stealer.csproj", "{2F4861C7-3323-4685-AB96-4E82BEBB1C17}"
EndProject
Project("{9A19103F-16F7-4668-BE54-9A1E7A4F7556}") = "P03_Mission_Private_Impossible", "P03_Mission_Private_Impossible\P03_Mission_Private_Impossible.csproj", "{83B3F4E3-9212-41D7-A0EB-060BB1AD5932}"
EndProject
Project("{9A19103F-16F7-4668-BE54-9A1E7A4F7556}") = "P04_Collector", "P04_Collector\P04_Collector.csproj", "{7CE9996D-E88F-4A93-8AED-28FFE071CBFF}"
EndProject
Project("{9A19103F-16F7-4668-BE54-9A1E7A4F7556}") = "P05+P06_Code Tracker", "P05+P06_Code Tracker\P05+P06_Code Tracker.csproj", "{178D4EE9-50D6-42CF-975A-51998567B479}"
EndProject
Global
	GlobalSection(SolutionConfigurationPlatforms) = preSolution
		Debug|Any CPU = Debug|Any CPU
		Release|Any CPU = Release|Any CPU
	EndGlobalSection
	GlobalSection(ProjectConfigurationPlatforms) = postSolution
		{51DBDCAE-A3FD-4220-B6E9-225378215688}.Debug|Any CPU.ActiveCfg = Debug|Any CPU
		{51DBDCAE-A3FD-4220-B6E9-225378215688}.Debug|Any CPU.Build.0 = Debug|Any CPU
		{51DBDCAE-A3FD-4220-B6E9-225378215688}.Release|Any CPU.ActiveCfg = Release|Any CPU
		{51DBDCAE-A3FD-4220-B6E9-225378215688}.Release|Any CPU.Build.0 = Release|Any CPU
		{2F4861C7-3323-4685-AB96-4E82BEBB1C17}.Debug|Any CPU.ActiveCfg = Debug|Any CPU
		{2F4861C7-3323-4685-AB96-4E82BEBB1C17}.Debug|Any CPU.Build.0 = Debug|Any CPU
		{2F4861C7-3323-4685-AB96-4E82BEBB1C17}.Release|Any CPU.ActiveCfg = Release|Any CPU
		{2F4861C7-3323-4685-AB96-4E82BEBB1C17}.Release|Any CPU.Build.0 = Release|Any CPU
		{83B3F4E3-9212-41D7-A0EB-060BB1AD5932}.Debug|Any CPU.ActiveCfg = Debug|Any CPU
		{83B3F4E3-9212-41D7-A0EB-060BB1AD5932}.Debug|Any CPU.Build.0 = Debug|Any CPU
		{83B3F4E3-9212-41D7-A0EB-060BB1AD5932}.Release|Any CPU.ActiveCfg = Release|Any CPU
		{83B3F4E3-9212-41D7-A0EB-060BB1AD5932}.Release|Any CPU.Build.0 = Release|Any CPU
		{7CE9996D-E88F-4A93-8AED-28FFE071CBFF}.Debug|Any CPU.ActiveCfg = Debug|Any CPU
		{7CE9996D-E88F-4A93-8AED-28FFE071CBFF}.Debug|Any CPU.Build.0 = Debug|Any CPU
		{7CE9996D-E88F-4A93-8AED-28FFE071CBFF}.Release|Any CPU.ActiveCfg = Release|Any CPU
		{7CE9996D-E88F-4A93-8AED-28FFE071CBFF}.Release|Any CPU.Build.0 = Release|Any CPU
		{178D4EE9-50D6-42CF-975A-51998567B479}.Debug|Any CPU.ActiveCfg = Debug|Any CPU
		{178D4EE9-50D6-42CF-975A-51998567B479}.Debug|Any CPU.Build.0 = Debug|Any CPU
		{178D4EE9-50D6-42CF-975A-51998567B479}.Release|Any CPU.ActiveCfg = Release|Any CPU
		{178D4EE9-50D6-42CF-975A-51998567B479}.Release|Any CPU.Build.0 = Release|Any CPU
	EndGlobalSection
	GlobalSection(SolutionProperties) = preSolution
		HideSolutionNode = FALSE
	EndGlobalSection
	GlobalSection(ExtensibilityGlobals) = postSolution
		SolutionGuid = {01E9EF07-3B5E-402E-93EA-3AA380566DE6}
	EndGlobalSection
EndGlobal
