
Microsoft Visual Studio Solution File, Format Version 12.00
# Visual Studio Version 17
VisualStudioVersion = 17.7.34031.279
MinimumVisualStudioVersion = 10.0.40219.1
Project("{FAE04EC0-301F-11D3-BF4B-00C04F79EFBC}") = "P01_StudentSystem", "P01_StudentSystem\P01_StudentSystem.csproj", "{BA708C04-1753-4816-B8F8-F74FFB89E0ED}"
EndProject
Global
	GlobalSection(SolutionConfigurationPlatforms) = preSolution
		Debug|Any CPU = Debug|Any CPU
		Release|Any CPU = Release|Any CPU
	EndGlobalSection
	GlobalSection(ProjectConfigurationPlatforms) = postSolution
		{BA708C04-1753-4816-B8F8-F74FFB89E0ED}.Debug|Any CPU.ActiveCfg = Debug|Any CPU
		{BA708C04-1753-4816-B8F8-F74FFB89E0ED}.Debug|Any CPU.Build.0 = Debug|Any CPU
		{BA708C04-1753-4816-B8F8-F74FFB89E0ED}.Release|Any CPU.ActiveCfg = Release|Any CPU
		{BA708C04-1753-4816-B8F8-F74FFB89E0ED}.Release|Any CPU.Build.0 = Release|Any CPU
	EndGlobalSection
	GlobalSection(SolutionProperties) = preSolution
		HideSolutionNode = FALSE
	EndGlobalSection
	GlobalSection(ExtensibilityGlobals) = postSolution
		SolutionGuid = {3C368B7C-89A8-4541-83D7-771C885FBA36}
	EndGlobalSection
EndGlobal
