
Microsoft Visual Studio Solution File, Format Version 12.00
# Visual Studio Version 16
VisualStudioVersion = 16.0.30711.63
MinimumVisualStudioVersion = 10.0.40219.1
Project("{9A19103F-16F7-4668-BE54-9A1E7A4F7556}") = "Chainblock", "Chainblock\Chainblock.csproj", "{1A328128-4EF2-4283-AD06-BB687E141A29}"
EndProject
Project("{9A19103F-16F7-4668-BE54-9A1E7A4F7556}") = "Chainblock.Tests", "Chainblock_Tests\Chainblock.Tests.csproj", "{DBCC75FB-BF30-4CBE-A360-E862045413BB}"
EndProject
Global
	GlobalSection(SolutionConfigurationPlatforms) = preSolution
		Debug|Any CPU = Debug|Any CPU
		Release|Any CPU = Release|Any CPU
	EndGlobalSection
	GlobalSection(ProjectConfigurationPlatforms) = postSolution
		{1A328128-4EF2-4283-AD06-BB687E141A29}.Debug|Any CPU.ActiveCfg = Debug|Any CPU
		{1A328128-4EF2-4283-AD06-BB687E141A29}.Debug|Any CPU.Build.0 = Debug|Any CPU
		{1A328128-4EF2-4283-AD06-BB687E141A29}.Release|Any CPU.ActiveCfg = Release|Any CPU
		{1A328128-4EF2-4283-AD06-BB687E141A29}.Release|Any CPU.Build.0 = Release|Any CPU
		{DBCC75FB-BF30-4CBE-A360-E862045413BB}.Debug|Any CPU.ActiveCfg = Debug|Any CPU
		{DBCC75FB-BF30-4CBE-A360-E862045413BB}.Debug|Any CPU.Build.0 = Debug|Any CPU
		{DBCC75FB-BF30-4CBE-A360-E862045413BB}.Release|Any CPU.ActiveCfg = Release|Any CPU
		{DBCC75FB-BF30-4CBE-A360-E862045413BB}.Release|Any CPU.Build.0 = Release|Any CPU
	EndGlobalSection
	GlobalSection(SolutionProperties) = preSolution
		HideSolutionNode = FALSE
	EndGlobalSection
	GlobalSection(ExtensibilityGlobals) = postSolution
		SolutionGuid = {FF07A0BE-C3F1-481E-B7E8-081BD37F386D}
	EndGlobalSection
EndGlobal
