
Microsoft Visual Studio Solution File, Format Version 12.00
# Visual Studio Version 16
VisualStudioVersion = 16.0.30711.63
MinimumVisualStudioVersion = 10.0.40219.1
Project("{9A19103F-16F7-4668-BE54-9A1E7A4F7556}") = "P01_Disneyland's_Journey", "P01_Disneyland's_Journey\P01_Disneyland's_Journey.csproj", "{6C300E30-CB3A-409C-934B-822DBE5192E4}"
EndProject
Project("{9A19103F-16F7-4668-BE54-9A1E7A4F7556}") = "P02_List_Of_Coffees_In_Stock", "P02_List_Of_Coffees_In_Stock\P02_List_Of_Coffees_In_Stock.csproj", "{EFB3543C-16F3-4370-989A-50CDABB34F54}"
EndProject
Project("{9A19103F-16F7-4668-BE54-9A1E7A4F7556}") = "P03_Painting's_Order", "P03_Painting's_Order\P03_Painting's_Order.csproj", "{20431517-50B5-4D97-A821-1D708AB227C6}"
EndProject
Global
	GlobalSection(SolutionConfigurationPlatforms) = preSolution
		Debug|Any CPU = Debug|Any CPU
		Release|Any CPU = Release|Any CPU
	EndGlobalSection
	GlobalSection(ProjectConfigurationPlatforms) = postSolution
		{6C300E30-CB3A-409C-934B-822DBE5192E4}.Debug|Any CPU.ActiveCfg = Debug|Any CPU
		{6C300E30-CB3A-409C-934B-822DBE5192E4}.Debug|Any CPU.Build.0 = Debug|Any CPU
		{6C300E30-CB3A-409C-934B-822DBE5192E4}.Release|Any CPU.ActiveCfg = Release|Any CPU
		{6C300E30-CB3A-409C-934B-822DBE5192E4}.Release|Any CPU.Build.0 = Release|Any CPU
		{EFB3543C-16F3-4370-989A-50CDABB34F54}.Debug|Any CPU.ActiveCfg = Debug|Any CPU
		{EFB3543C-16F3-4370-989A-50CDABB34F54}.Debug|Any CPU.Build.0 = Debug|Any CPU
		{EFB3543C-16F3-4370-989A-50CDABB34F54}.Release|Any CPU.ActiveCfg = Release|Any CPU
		{EFB3543C-16F3-4370-989A-50CDABB34F54}.Release|Any CPU.Build.0 = Release|Any CPU
		{20431517-50B5-4D97-A821-1D708AB227C6}.Debug|Any CPU.ActiveCfg = Debug|Any CPU
		{20431517-50B5-4D97-A821-1D708AB227C6}.Debug|Any CPU.Build.0 = Debug|Any CPU
		{20431517-50B5-4D97-A821-1D708AB227C6}.Release|Any CPU.ActiveCfg = Release|Any CPU
		{20431517-50B5-4D97-A821-1D708AB227C6}.Release|Any CPU.Build.0 = Release|Any CPU
	EndGlobalSection
	GlobalSection(SolutionProperties) = preSolution
		HideSolutionNode = FALSE
	EndGlobalSection
	GlobalSection(ExtensibilityGlobals) = postSolution
		SolutionGuid = {DCF86969-4466-4A5D-8346-EB3E0A317F0D}
	EndGlobalSection
EndGlobal
